
Microsoft Visual Studio Solution File, Format Version 12.00
# Visual Studio Version 17
VisualStudioVersion = 17.10.34928.147
MinimumVisualStudioVersion = 10.0.40219.1
Project("{FAE04EC0-301F-11D3-BF4B-00C04F79EFBC}") = "BSEB_API2026", "BSEB_API2026.csproj", "{BE154209-0217-46B2-B691-579EA9C6288B}"
EndProject
Global
	GlobalSection(SolutionConfigurationPlatforms) = preSolution
		Debug|Any CPU = Debug|Any CPU
		Release|Any CPU = Release|Any CPU
	EndGlobalSection
	GlobalSection(ProjectConfigurationPlatforms) = postSolution
		{BE154209-0217-46B2-B691-579EA9C6288B}.Debug|Any CPU.ActiveCfg = Debug|Any CPU
		{BE154209-0217-46B2-B691-579EA9C6288B}.Debug|Any CPU.Build.0 = Debug|Any CPU
		{BE154209-0217-46B2-B691-579EA9C6288B}.Release|Any CPU.ActiveCfg = Release|Any CPU
		{BE154209-0217-46B2-B691-579EA9C6288B}.Release|Any CPU.Build.0 = Release|Any CPU
	EndGlobalSection
	GlobalSection(SolutionProperties) = preSolution
		HideSolutionNode = FALSE
	EndGlobalSection
	GlobalSection(ExtensibilityGlobals) = postSolution
		SolutionGuid = {F0B0B581-6739-4E53-84F9-EAAB5007E0F9}
	EndGlobalSection
EndGlobal
